// !$*UTF8*$!
{
	archiveVersion = 1;
	classes = {
	};
	objectVersion = 51;
	objects = {

/* Begin PBXBuildFile section */
		563674B5062491A8AA8C110F /* Pods_MovieStore.framework in Frameworks */ = {isa = PBXBuildFile; fileRef = E3611E9D7D5F98B319F60FA4 /* Pods_MovieStore.framework */; };
		6D22DAE323CD7B3600B9C38A /* MovieInfo.swift in Sources */ = {isa = PBXBuildFile; fileRef = 6D22DAE223CD7B3600B9C38A /* MovieInfo.swift */; };
		6D22DAE723CD837400B9C38A /* Movies.swift in Sources */ = {isa = PBXBuildFile; fileRef = 6D22DAE623CD837400B9C38A /* Movies.swift */; };
		6D22DAE923CD883100B9C38A /* JsonData.swift in Sources */ = {isa = PBXBuildFile; fileRef = 6D22DAE823CD883100B9C38A /* JsonData.swift */; };
		6D22DB2023CDC02800B9C38A /* CoreData.framework in Frameworks */ = {isa = PBXBuildFile; fileRef = 6D22DB1F23CDC02700B9C38A /* CoreData.framework */; };
		6D22DB2423CDC26600B9C38A /* CoreDataHandelor.swift in Sources */ = {isa = PBXBuildFile; fileRef = 6D22DB2323CDC26600B9C38A /* CoreDataHandelor.swift */; };
		6D22DB2723CDCB3200B9C38A /* MovieStore+CoreDataProperties.swift in Sources */ = {isa = PBXBuildFile; fileRef = 6D22DB2523CDCB3200B9C38A /* MovieStore+CoreDataProperties.swift */; };
		6D22DB2823CDCB3200B9C38A /* MovieStore+CoreDataClass.swift in Sources */ = {isa = PBXBuildFile; fileRef = 6D22DB2623CDCB3200B9C38A /* MovieStore+CoreDataClass.swift */; };
		6D2313AD23D1ABA00099CE92 /* SegueIdentifers.swift in Sources */ = {isa = PBXBuildFile; fileRef = 6D2313AC23D1ABA00099CE92 /* SegueIdentifers.swift */; };
		6D2313AF23D1C0AC0099CE92 /* SearchTablViewCell.swift in Sources */ = {isa = PBXBuildFile; fileRef = 6D2313AE23D1C0AC0099CE92 /* SearchTablViewCell.swift */; };
		6D2313B123D1EDDB0099CE92 /* SearchDetailsViewController.swift in Sources */ = {isa = PBXBuildFile; fileRef = 6D2313B023D1EDDB0099CE92 /* SearchDetailsViewController.swift */; };
		6D314B2723CECE320043C72B /* MainTableView.swift in Sources */ = {isa = PBXBuildFile; fileRef = 6D314B2623CECE320043C72B /* MainTableView.swift */; };
		6D314B2923CECEDD0043C72B /* MovieScrollCollection.swift in Sources */ = {isa = PBXBuildFile; fileRef = 6D314B2823CECEDD0043C72B /* MovieScrollCollection.swift */; };
		6D314B2B23CECFD90043C72B /* MainTableViewCell.swift in Sources */ = {isa = PBXBuildFile; fileRef = 6D314B2A23CECFD90043C72B /* MainTableViewCell.swift */; };
		6D314B2D23CED0A70043C72B /* MovieScrollCollectionCell.swift in Sources */ = {isa = PBXBuildFile; fileRef = 6D314B2C23CED0A70043C72B /* MovieScrollCollectionCell.swift */; };
		6D314B2F23CED7130043C72B /* PopularCell.swift in Sources */ = {isa = PBXBuildFile; fileRef = 6D314B2E23CED7130043C72B /* PopularCell.swift */; };
		6D314B3323CF08CC0043C72B /* PopularCollectionView.swift in Sources */ = {isa = PBXBuildFile; fileRef = 6D314B3223CF08CC0043C72B /* PopularCollectionView.swift */; };
		6D314B3523CF09BA0043C72B /* PopularCollectionCell.swift in Sources */ = {isa = PBXBuildFile; fileRef = 6D314B3423CF09BA0043C72B /* PopularCollectionCell.swift */; };
		6D35794423CC402B000D997C /* AppDelegate.swift in Sources */ = {isa = PBXBuildFile; fileRef = 6D35794323CC402B000D997C /* AppDelegate.swift */; };
		6D35794623CC402B000D997C /* ViewController.swift in Sources */ = {isa = PBXBuildFile; fileRef = 6D35794523CC402B000D997C /* ViewController.swift */; };
		6D35794923CC402B000D997C /* Main.storyboard in Resources */ = {isa = PBXBuildFile; fileRef = 6D35794723CC402B000D997C /* Main.storyboard */; };
		6D35794C23CC402B000D997C /* MovieStore.xcdatamodeld in Sources */ = {isa = PBXBuildFile; fileRef = 6D35794A23CC402B000D997C /* MovieStore.xcdatamodeld */; };
		6D35794E23CC402D000D997C /* Assets.xcassets in Resources */ = {isa = PBXBuildFile; fileRef = 6D35794D23CC402D000D997C /* Assets.xcassets */; };
		6D35795123CC402D000D997C /* LaunchScreen.storyboard in Resources */ = {isa = PBXBuildFile; fileRef = 6D35794F23CC402D000D997C /* LaunchScreen.storyboard */; };
		6D35795923CC677E000D997C /* NowPlayingCollectionViewCell.swift in Sources */ = {isa = PBXBuildFile; fileRef = 6D35795823CC677E000D997C /* NowPlayingCollectionViewCell.swift */; };
		6D35795B23CC6829000D997C /* NowPlayingViewController.swift in Sources */ = {isa = PBXBuildFile; fileRef = 6D35795A23CC6829000D997C /* NowPlayingViewController.swift */; };
		6D35795D23CC6841000D997C /* TopRatedViewController.swift in Sources */ = {isa = PBXBuildFile; fileRef = 6D35795C23CC6841000D997C /* TopRatedViewController.swift */; };
		6D35795F23CC684E000D997C /* UpcomingViewController.swift in Sources */ = {isa = PBXBuildFile; fileRef = 6D35795E23CC684E000D997C /* UpcomingViewController.swift */; };
		6D35796123CC6862000D997C /* SearchViewController.swift in Sources */ = {isa = PBXBuildFile; fileRef = 6D35796023CC6862000D997C /* SearchViewController.swift */; };
		6D357ECB23D03B130017F663 /* UpcomingMovieCell.swift in Sources */ = {isa = PBXBuildFile; fileRef = 6D357ECA23D03B130017F663 /* UpcomingMovieCell.swift */; };
		6D688E3C23CC7EFE00AE8370 /* NowPlayHeaderCell.swift in Sources */ = {isa = PBXBuildFile; fileRef = 6D688E3B23CC7EFE00AE8370 /* NowPlayHeaderCell.swift */; };
		6D688E3F23CC9F2300AE8370 /* UIView-Extension.swift in Sources */ = {isa = PBXBuildFile; fileRef = 6D688E3E23CC9F2300AE8370 /* UIView-Extension.swift */; };
		6DF578AA23CF4B490079FEDA /* TopRated.swift in Sources */ = {isa = PBXBuildFile; fileRef = 6DF578A923CF4B490079FEDA /* TopRated.swift */; };
		6DF9620223D0657000974852 /* DetailViewController.swift in Sources */ = {isa = PBXBuildFile; fileRef = 6DF9620123D0657000974852 /* DetailViewController.swift */; };
		6DF9620423D0672A00974852 /* SetImageProperty.swift in Sources */ = {isa = PBXBuildFile; fileRef = 6DF9620323D0672A00974852 /* SetImageProperty.swift */; };
/* End PBXBuildFile section */

/* Begin PBXFileReference section */
		25643ED5834379486E95F309 /* Pods-MovieStore.release.xcconfig */ = {isa = PBXFileReference; includeInIndex = 1; lastKnownFileType = text.xcconfig; name = "Pods-MovieStore.release.xcconfig"; path = "Target Support Files/Pods-MovieStore/Pods-MovieStore.release.xcconfig"; sourceTree = "<group>"; };
		6D22DAE223CD7B3600B9C38A /* MovieInfo.swift */ = {isa = PBXFileReference; lastKnownFileType = sourcecode.swift; path = MovieInfo.swift; sourceTree = "<group>"; };
		6D22DAE623CD837400B9C38A /* Movies.swift */ = {isa = PBXFileReference; lastKnownFileType = sourcecode.swift; path = Movies.swift; sourceTree = "<group>"; };
		6D22DAE823CD883100B9C38A /* JsonData.swift */ = {isa = PBXFileReference; lastKnownFileType = sourcecode.swift; path = JsonData.swift; sourceTree = "<group>"; };
		6D22DB1F23CDC02700B9C38A /* CoreData.framework */ = {isa = PBXFileReference; lastKnownFileType = wrapper.framework; name = CoreData.framework; path = System/Library/Frameworks/CoreData.framework; sourceTree = SDKROOT; };
		6D22DB2323CDC26600B9C38A /* CoreDataHandelor.swift */ = {isa = PBXFileReference; lastKnownFileType = sourcecode.swift; path = CoreDataHandelor.swift; sourceTree = "<group>"; };
		6D22DB2523CDCB3200B9C38A /* MovieStore+CoreDataProperties.swift */ = {isa = PBXFileReference; lastKnownFileType = sourcecode.swift; name = "MovieStore+CoreDataProperties.swift"; path = "/Users/brahmastra/Desktop/DemoApp/MovieStore/MovieStore/MovieStore/Core Data/MovieStore+CoreDataProperties.swift"; sourceTree = "<absolute>"; };
		6D22DB2623CDCB3200B9C38A /* MovieStore+CoreDataClass.swift */ = {isa = PBXFileReference; lastKnownFileType = sourcecode.swift; name = "MovieStore+CoreDataClass.swift"; path = "/Users/brahmastra/Desktop/DemoApp/MovieStore/MovieStore/MovieStore/Core Data/MovieStore+CoreDataClass.swift"; sourceTree = "<absolute>"; };
		6D2313AC23D1ABA00099CE92 /* SegueIdentifers.swift */ = {isa = PBXFileReference; lastKnownFileType = sourcecode.swift; path = SegueIdentifers.swift; sourceTree = "<group>"; };
		6D2313AE23D1C0AC0099CE92 /* SearchTablViewCell.swift */ = {isa = PBXFileReference; lastKnownFileType = sourcecode.swift; path = SearchTablViewCell.swift; sourceTree = "<group>"; };
		6D2313B023D1EDDB0099CE92 /* SearchDetailsViewController.swift */ = {isa = PBXFileReference; lastKnownFileType = sourcecode.swift; path = SearchDetailsViewController.swift; sourceTree = "<group>"; };
		6D314B2623CECE320043C72B /* MainTableView.swift */ = {isa = PBXFileReference; lastKnownFileType = sourcecode.swift; path = MainTableView.swift; sourceTree = "<group>"; };
		6D314B2823CECEDD0043C72B /* MovieScrollCollection.swift */ = {isa = PBXFileReference; lastKnownFileType = sourcecode.swift; path = MovieScrollCollection.swift; sourceTree = "<group>"; };
		6D314B2A23CECFD90043C72B /* MainTableViewCell.swift */ = {isa = PBXFileReference; lastKnownFileType = sourcecode.swift; path = MainTableViewCell.swift; sourceTree = "<group>"; };
		6D314B2C23CED0A70043C72B /* MovieScrollCollectionCell.swift */ = {isa = PBXFileReference; lastKnownFileType = sourcecode.swift; path = MovieScrollCollectionCell.swift; sourceTree = "<group>"; };
		6D314B2E23CED7130043C72B /* PopularCell.swift */ = {isa = PBXFileReference; lastKnownFileType = sourcecode.swift; path = PopularCell.swift; sourceTree = "<group>"; };
		6D314B3223CF08CC0043C72B /* PopularCollectionView.swift */ = {isa = PBXFileReference; lastKnownFileType = sourcecode.swift; path = PopularCollectionView.swift; sourceTree = "<group>"; };
		6D314B3423CF09BA0043C72B /* PopularCollectionCell.swift */ = {isa = PBXFileReference; lastKnownFileType = sourcecode.swift; path = PopularCollectionCell.swift; sourceTree = "<group>"; };
		6D35794023CC402B000D997C /* MovieStore.app */ = {isa = PBXFileReference; explicitFileType = wrapper.application; includeInIndex = 0; path = MovieStore.app; sourceTree = BUILT_PRODUCTS_DIR; };
		6D35794323CC402B000D997C /* AppDelegate.swift */ = {isa = PBXFileReference; lastKnownFileType = sourcecode.swift; path = AppDelegate.swift; sourceTree = "<group>"; };
		6D35794523CC402B000D997C /* ViewController.swift */ = {isa = PBXFileReference; lastKnownFileType = sourcecode.swift; path = ViewController.swift; sourceTree = "<group>"; };
		6D35794823CC402B000D997C /* Base */ = {isa = PBXFileReference; lastKnownFileType = file.storyboard; name = Base; path = Base.lproj/Main.storyboard; sourceTree = "<group>"; };
		6D35794B23CC402B000D997C /* MovieStore.xcdatamodel */ = {isa = PBXFileReference; lastKnownFileType = wrapper.xcdatamodel; path = MovieStore.xcdatamodel; sourceTree = "<group>"; };
		6D35794D23CC402D000D997C /* Assets.xcassets */ = {isa = PBXFileReference; lastKnownFileType = folder.assetcatalog; path = Assets.xcassets; sourceTree = "<group>"; };
		6D35795023CC402D000D997C /* Base */ = {isa = PBXFileReference; lastKnownFileType = file.storyboard; name = Base; path = Base.lproj/LaunchScreen.storyboard; sourceTree = "<group>"; };
		6D35795223CC402D000D997C /* Info.plist */ = {isa = PBXFileReference; lastKnownFileType = text.plist.xml; path = Info.plist; sourceTree = "<group>"; };
		6D35795823CC677E000D997C /* NowPlayingCollectionViewCell.swift */ = {isa = PBXFileReference; lastKnownFileType = sourcecode.swift; path = NowPlayingCollectionViewCell.swift; sourceTree = "<group>"; };
		6D35795A23CC6829000D997C /* NowPlayingViewController.swift */ = {isa = PBXFileReference; lastKnownFileType = sourcecode.swift; path = NowPlayingViewController.swift; sourceTree = "<group>"; };
		6D35795C23CC6841000D997C /* TopRatedViewController.swift */ = {isa = PBXFileReference; lastKnownFileType = sourcecode.swift; path = TopRatedViewController.swift; sourceTree = "<group>"; };
		6D35795E23CC684E000D997C /* UpcomingViewController.swift */ = {isa = PBXFileReference; lastKnownFileType = sourcecode.swift; path = UpcomingViewController.swift; sourceTree = "<group>"; };
		6D35796023CC6862000D997C /* SearchViewController.swift */ = {isa = PBXFileReference; lastKnownFileType = sourcecode.swift; path = SearchViewController.swift; sourceTree = "<group>"; };
		6D357ECA23D03B130017F663 /* UpcomingMovieCell.swift */ = {isa = PBXFileReference; lastKnownFileType = sourcecode.swift; path = UpcomingMovieCell.swift; sourceTree = "<group>"; };
		6D688E3B23CC7EFE00AE8370 /* NowPlayHeaderCell.swift */ = {isa = PBXFileReference; lastKnownFileType = sourcecode.swift; path = NowPlayHeaderCell.swift; sourceTree = "<group>"; };
		6D688E3E23CC9F2300AE8370 /* UIView-Extension.swift */ = {isa = PBXFileReference; lastKnownFileType = sourcecode.swift; path = "UIView-Extension.swift"; sourceTree = "<group>"; };
		6DF578A923CF4B490079FEDA /* TopRated.swift */ = {isa = PBXFileReference; lastKnownFileType = sourcecode.swift; path = TopRated.swift; sourceTree = "<group>"; };
		6DF9620123D0657000974852 /* DetailViewController.swift */ = {isa = PBXFileReference; lastKnownFileType = sourcecode.swift; path = DetailViewController.swift; sourceTree = "<group>"; };
		6DF9620323D0672A00974852 /* SetImageProperty.swift */ = {isa = PBXFileReference; lastKnownFileType = sourcecode.swift; path = SetImageProperty.swift; sourceTree = "<group>"; };
		84CE6DBA2A73859861879715 /* Pods-MovieStore.debug.xcconfig */ = {isa = PBXFileReference; includeInIndex = 1; lastKnownFileType = text.xcconfig; name = "Pods-MovieStore.debug.xcconfig"; path = "Target Support Files/Pods-MovieStore/Pods-MovieStore.debug.xcconfig"; sourceTree = "<group>"; };
		E3611E9D7D5F98B319F60FA4 /* Pods_MovieStore.framework */ = {isa = PBXFileReference; explicitFileType = wrapper.framework; includeInIndex = 0; path = Pods_MovieStore.framework; sourceTree = BUILT_PRODUCTS_DIR; };
/* End PBXFileReference section */

/* Begin PBXFrameworksBuildPhase section */
		6D35793D23CC402B000D997C /* Frameworks */ = {
			isa = PBXFrameworksBuildPhase;
			buildActionMask = 2147483647;
			files = (
				6D22DB2023CDC02800B9C38A /* CoreData.framework in Frameworks */,
				563674B5062491A8AA8C110F /* Pods_MovieStore.framework in Frameworks */,
			);
			runOnlyForDeploymentPostprocessing = 0;
		};
/* End PBXFrameworksBuildPhase section */

/* Begin PBXGroup section */
		48151DC5D51719D3FF803339 /* Frameworks */ = {
			isa = PBXGroup;
			children = (
				6D22DB1F23CDC02700B9C38A /* CoreData.framework */,
				E3611E9D7D5F98B319F60FA4 /* Pods_MovieStore.framework */,
			);
			name = Frameworks;
			sourceTree = "<group>";
		};
		533206D5A6C51C06785698BA /* Pods */ = {
			isa = PBXGroup;
			children = (
				84CE6DBA2A73859861879715 /* Pods-MovieStore.debug.xcconfig */,
				25643ED5834379486E95F309 /* Pods-MovieStore.release.xcconfig */,
			);
			path = Pods;
			sourceTree = "<group>";
		};
		6D22DAE123CD7B1100B9C38A /* Model */ = {
			isa = PBXGroup;
			children = (
				6D22DAE223CD7B3600B9C38A /* MovieInfo.swift */,
				6D22DAE623CD837400B9C38A /* Movies.swift */,
				6D22DAE823CD883100B9C38A /* JsonData.swift */,
				6DF578A923CF4B490079FEDA /* TopRated.swift */,
			);
			path = Model;
			sourceTree = "<group>";
		};
		6D22DB2223CDC15700B9C38A /* Core Data */ = {
			isa = PBXGroup;
			children = (
				6D22DB2623CDCB3200B9C38A /* MovieStore+CoreDataClass.swift */,
				6D22DB2523CDCB3200B9C38A /* MovieStore+CoreDataProperties.swift */,
				6D22DB2323CDC26600B9C38A /* CoreDataHandelor.swift */,
			);
			path = "Core Data";
			sourceTree = "<group>";
		};
		6D22DB2B23CDEBBA00B9C38A /* TopRatedScreen */ = {
			isa = PBXGroup;
			children = (
				6D314B2623CECE320043C72B /* MainTableView.swift */,
				6D314B2A23CECFD90043C72B /* MainTableViewCell.swift */,
				6D314B2823CECEDD0043C72B /* MovieScrollCollection.swift */,
				6D314B2C23CED0A70043C72B /* MovieScrollCollectionCell.swift */,
				6D314B2E23CED7130043C72B /* PopularCell.swift */,
				6D314B3223CF08CC0043C72B /* PopularCollectionView.swift */,
				6D314B3423CF09BA0043C72B /* PopularCollectionCell.swift */,
			);
			path = TopRatedScreen;
			sourceTree = "<group>";
		};
		6D35793723CC402B000D997C = {
			isa = PBXGroup;
			children = (
				6D35794223CC402B000D997C /* MovieStore */,
				6D35794123CC402B000D997C /* Products */,
				533206D5A6C51C06785698BA /* Pods */,
				48151DC5D51719D3FF803339 /* Frameworks */,
			);
			sourceTree = "<group>";
		};
		6D35794123CC402B000D997C /* Products */ = {
			isa = PBXGroup;
			children = (
				6D35794023CC402B000D997C /* MovieStore.app */,
			);
			name = Products;
			sourceTree = "<group>";
		};
		6D35794223CC402B000D997C /* MovieStore */ = {
			isa = PBXGroup;
			children = (
				6D22DB2B23CDEBBA00B9C38A /* TopRatedScreen */,
				6D22DAE123CD7B1100B9C38A /* Model */,
				6D22DB2223CDC15700B9C38A /* Core Data */,
				6D688E3D23CC9F1300AE8370 /* Helper */,
				6D35796323CC79FD000D997C /* Controllers */,
				6D35796223CC79D4000D997C /* Cells */,
				6D35794323CC402B000D997C /* AppDelegate.swift */,
				6D35794723CC402B000D997C /* Main.storyboard */,
				6D35794D23CC402D000D997C /* Assets.xcassets */,
				6D35794F23CC402D000D997C /* LaunchScreen.storyboard */,
				6D35795223CC402D000D997C /* Info.plist */,
				6D35794A23CC402B000D997C /* MovieStore.xcdatamodeld */,
			);
			path = MovieStore;
			sourceTree = "<group>";
		};
		6D35796223CC79D4000D997C /* Cells */ = {
			isa = PBXGroup;
			children = (
				6D35795823CC677E000D997C /* NowPlayingCollectionViewCell.swift */,
				6D688E3B23CC7EFE00AE8370 /* NowPlayHeaderCell.swift */,
				6D357ECA23D03B130017F663 /* UpcomingMovieCell.swift */,
				6D2313AE23D1C0AC0099CE92 /* SearchTablViewCell.swift */,
			);
			path = Cells;
			sourceTree = "<group>";
		};
		6D35796323CC79FD000D997C /* Controllers */ = {
			isa = PBXGroup;
			children = (
				6D35795C23CC6841000D997C /* TopRatedViewController.swift */,
				6DF9620123D0657000974852 /* DetailViewController.swift */,
				6D35794523CC402B000D997C /* ViewController.swift */,
				6D35795A23CC6829000D997C /* NowPlayingViewController.swift */,
				6D35795E23CC684E000D997C /* UpcomingViewController.swift */,
				6D35796023CC6862000D997C /* SearchViewController.swift */,
				6D2313B023D1EDDB0099CE92 /* SearchDetailsViewController.swift */,
			);
			path = Controllers;
			sourceTree = "<group>";
		};
		6D688E3D23CC9F1300AE8370 /* Helper */ = {
			isa = PBXGroup;
			children = (
				6D688E3E23CC9F2300AE8370 /* UIView-Extension.swift */,
				6DF9620323D0672A00974852 /* SetImageProperty.swift */,
				6D2313AC23D1ABA00099CE92 /* SegueIdentifers.swift */,
			);
			path = Helper;
			sourceTree = "<group>";
		};
/* End PBXGroup section */

/* Begin PBXNativeTarget section */
		6D35793F23CC402B000D997C /* MovieStore */ = {
			isa = PBXNativeTarget;
			buildConfigurationList = 6D35795523CC402D000D997C /* Build configuration list for PBXNativeTarget "MovieStore" */;
			buildPhases = (
				C9DE116B877ED8D12D6119B9 /* [CP] Check Pods Manifest.lock */,
				6D35793C23CC402B000D997C /* Sources */,
				6D35793D23CC402B000D997C /* Frameworks */,
				6D35793E23CC402B000D997C /* Resources */,
				5A816A5CD9714B62890F239D /* [CP] Embed Pods Frameworks */,
			);
			buildRules = (
			);
			dependencies = (
			);
			name = MovieStore;
			productName = MovieStore;
			productReference = 6D35794023CC402B000D997C /* MovieStore.app */;
			productType = "com.apple.product-type.application";
		};
/* End PBXNativeTarget section */

/* Begin PBXProject section */
		6D35793823CC402B000D997C /* Project object */ = {
			isa = PBXProject;
			attributes = {
				LastSwiftUpdateCheck = 1030;
				LastUpgradeCheck = 1030;
				ORGANIZATIONNAME = Brahmastra;
				TargetAttributes = {
					6D35793F23CC402B000D997C = {
						CreatedOnToolsVersion = 10.3;
					};
				};
			};
			buildConfigurationList = 6D35793B23CC402B000D997C /* Build configuration list for PBXProject "MovieStore" */;
			compatibilityVersion = "Xcode 9.3";
			developmentRegion = en;
			hasScannedForEncodings = 0;
			knownRegions = (
				en,
				Base,
			);
			mainGroup = 6D35793723CC402B000D997C;
			productRefGroup = 6D35794123CC402B000D997C /* Products */;
			projectDirPath = "";
			projectRoot = "";
			targets = (
				6D35793F23CC402B000D997C /* MovieStore */,
			);
		};
/* End PBXProject section */

/* Begin PBXResourcesBuildPhase section */
		6D35793E23CC402B000D997C /* Resources */ = {
			isa = PBXResourcesBuildPhase;
			buildActionMask = 2147483647;
			files = (
				6D35795123CC402D000D997C /* LaunchScreen.storyboard in Resources */,
				6D35794E23CC402D000D997C /* Assets.xcassets in Resources */,
				6D35794923CC402B000D997C /* Main.storyboard in Resources */,
			);
			runOnlyForDeploymentPostprocessing = 0;
		};
/* End PBXResourcesBuildPhase section */

/* Begin PBXShellScriptBuildPhase section */
		5A816A5CD9714B62890F239D /* [CP] Embed Pods Frameworks */ = {
			isa = PBXShellScriptBuildPhase;
			buildActionMask = 2147483647;
			files = (
			);
			inputFileListPaths = (
				"${PODS_ROOT}/Target Support Files/Pods-MovieStore/Pods-MovieStore-frameworks-${CONFIGURATION}-input-files.xcfilelist",
			);
			name = "[CP] Embed Pods Frameworks";
			outputFileListPaths = (
				"${PODS_ROOT}/Target Support Files/Pods-MovieStore/Pods-MovieStore-frameworks-${CONFIGURATION}-output-files.xcfilelist",
			);
			runOnlyForDeploymentPostprocessing = 0;
			shellPath = /bin/sh;
			shellScript = "\"${PODS_ROOT}/Target Support Files/Pods-MovieStore/Pods-MovieStore-frameworks.sh\"\n";
			showEnvVarsInLog = 0;
		};
		C9DE116B877ED8D12D6119B9 /* [CP] Check Pods Manifest.lock */ = {
			isa = PBXShellScriptBuildPhase;
			buildActionMask = 2147483647;
			files = (
			);
			inputFileListPaths = (
			);
			inputPaths = (
				"${PODS_PODFILE_DIR_PATH}/Podfile.lock",
				"${PODS_ROOT}/Manifest.lock",
			);
			name = "[CP] Check Pods Manifest.lock";
			outputFileListPaths = (
			);
			outputPaths = (
				"$(DERIVED_FILE_DIR)/Pods-MovieStore-checkManifestLockResult.txt",
			);
			runOnlyForDeploymentPostprocessing = 0;
			shellPath = /bin/sh;
			shellScript = "diff \"${PODS_PODFILE_DIR_PATH}/Podfile.lock\" \"${PODS_ROOT}/Manifest.lock\" > /dev/null\nif [ $? != 0 ] ; then\n    # print error to STDERR\n    echo \"error: The sandbox is not in sync with the Podfile.lock. Run 'pod install' or update your CocoaPods installation.\" >&2\n    exit 1\nfi\n# This output is used by Xcode 'outputs' to avoid re-running this script phase.\necho \"SUCCESS\" > \"${SCRIPT_OUTPUT_FILE_0}\"\n";
			showEnvVarsInLog = 0;
		};
/* End PBXShellScriptBuildPhase section */

/* Begin PBXSourcesBuildPhase section */
		6D35793C23CC402B000D997C /* Sources */ = {
			isa = PBXSourcesBuildPhase;
			buildActionMask = 2147483647;
			files = (
				6D314B2723CECE320043C72B /* MainTableView.swift in Sources */,
				6D314B2923CECEDD0043C72B /* MovieScrollCollection.swift in Sources */,
				6D2313AD23D1ABA00099CE92 /* SegueIdentifers.swift in Sources */,
				6D35795923CC677E000D997C /* NowPlayingCollectionViewCell.swift in Sources */,
				6D314B2B23CECFD90043C72B /* MainTableViewCell.swift in Sources */,
				6D22DAE323CD7B3600B9C38A /* MovieInfo.swift in Sources */,
				6D35795B23CC6829000D997C /* NowPlayingViewController.swift in Sources */,
				6D314B2F23CED7130043C72B /* PopularCell.swift in Sources */,
				6D35796123CC6862000D997C /* SearchViewController.swift in Sources */,
				6D2313B123D1EDDB0099CE92 /* SearchDetailsViewController.swift in Sources */,
				6D688E3C23CC7EFE00AE8370 /* NowPlayHeaderCell.swift in Sources */,
				6D2313AF23D1C0AC0099CE92 /* SearchTablViewCell.swift in Sources */,
				6D357ECB23D03B130017F663 /* UpcomingMovieCell.swift in Sources */,
				6D22DB2423CDC26600B9C38A /* CoreDataHandelor.swift in Sources */,
				6D314B3323CF08CC0043C72B /* PopularCollectionView.swift in Sources */,
				6D314B2D23CED0A70043C72B /* MovieScrollCollectionCell.swift in Sources */,
				6DF9620223D0657000974852 /* DetailViewController.swift in Sources */,
				6D314B3523CF09BA0043C72B /* PopularCollectionCell.swift in Sources */,
				6D35794623CC402B000D997C /* ViewController.swift in Sources */,
				6DF9620423D0672A00974852 /* SetImageProperty.swift in Sources */,
				6D22DAE923CD883100B9C38A /* JsonData.swift in Sources */,
				6D688E3F23CC9F2300AE8370 /* UIView-Extension.swift in Sources */,
				6D35794423CC402B000D997C /* AppDelegate.swift in Sources */,
				6DF578AA23CF4B490079FEDA /* TopRated.swift in Sources */,
				6D22DB2823CDCB3200B9C38A /* MovieStore+CoreDataClass.swift in Sources */,
				6D35794C23CC402B000D997C /* MovieStore.xcdatamodeld in Sources */,
				6D22DAE723CD837400B9C38A /* Movies.swift in Sources */,
				6D35795F23CC684E000D997C /* UpcomingViewController.swift in Sources */,
				6D35795D23CC6841000D997C /* TopRatedViewController.swift in Sources */,
				6D22DB2723CDCB3200B9C38A /* MovieStore+CoreDataProperties.swift in Sources */,
			);
			runOnlyForDeploymentPostprocessing = 0;
		};
/* End PBXSourcesBuildPhase section */

/* Begin PBXVariantGroup section */
		6D35794723CC402B000D997C /* Main.storyboard */ = {
			isa = PBXVariantGroup;
			children = (
				6D35794823CC402B000D997C /* Base */,
			);
			name = Main.storyboard;
			sourceTree = "<group>";
		};
		6D35794F23CC402D000D997C /* LaunchScreen.storyboard */ = {
			isa = PBXVariantGroup;
			children = (
				6D35795023CC402D000D997C /* Base */,
			);
			name = LaunchScreen.storyboard;
			sourceTree = "<group>";
		};
/* End PBXVariantGroup section */

/* Begin XCBuildConfiguration section */
		6D35795323CC402D000D997C /* Debug */ = {
			isa = XCBuildConfiguration;
			buildSettings = {
				ALWAYS_SEARCH_USER_PATHS = NO;
				CLANG_ANALYZER_NONNULL = YES;
				CLANG_ANALYZER_NUMBER_OBJECT_CONVERSION = YES_AGGRESSIVE;
				CLANG_CXX_LANGUAGE_STANDARD = "gnu++14";
				CLANG_CXX_LIBRARY = "libc++";
				CLANG_ENABLE_MODULES = YES;
				CLANG_ENABLE_OBJC_ARC = YES;
				CLANG_ENABLE_OBJC_WEAK = YES;
				CLANG_WARN_BLOCK_CAPTURE_AUTORELEASING = YES;
				CLANG_WARN_BOOL_CONVERSION = YES;
				CLANG_WARN_COMMA = YES;
				CLANG_WARN_CONSTANT_CONVERSION = YES;
				CLANG_WARN_DEPRECATED_OBJC_IMPLEMENTATIONS = YES;
				CLANG_WARN_DIRECT_OBJC_ISA_USAGE = YES_ERROR;
				CLANG_WARN_DOCUMENTATION_COMMENTS = YES;
				CLANG_WARN_EMPTY_BODY = YES;
				CLANG_WARN_ENUM_CONVERSION = YES;
				CLANG_WARN_INFINITE_RECURSION = YES;
				CLANG_WARN_INT_CONVERSION = YES;
				CLANG_WARN_NON_LITERAL_NULL_CONVERSION = YES;
				CLANG_WARN_OBJC_IMPLICIT_RETAIN_SELF = YES;
				CLANG_WARN_OBJC_LITERAL_CONVERSION = YES;
				CLANG_WARN_OBJC_ROOT_CLASS = YES_ERROR;
				CLANG_WARN_RANGE_LOOP_ANALYSIS = YES;
				CLANG_WARN_STRICT_PROTOTYPES = YES;
				CLANG_WARN_SUSPICIOUS_MOVE = YES;
				CLANG_WARN_UNGUARDED_AVAILABILITY = YES_AGGRESSIVE;
				CLANG_WARN_UNREACHABLE_CODE = YES;
				CLANG_WARN__DUPLICATE_METHOD_MATCH = YES;
				CODE_SIGN_IDENTITY = "iPhone Developer";
				COPY_PHASE_STRIP = NO;
				DEBUG_INFORMATION_FORMAT = dwarf;
				ENABLE_STRICT_OBJC_MSGSEND = YES;
				ENABLE_TESTABILITY = YES;
				GCC_C_LANGUAGE_STANDARD = gnu11;
				GCC_DYNAMIC_NO_PIC = NO;
				GCC_NO_COMMON_BLOCKS = YES;
				GCC_OPTIMIZATION_LEVEL = 0;
				GCC_PREPROCESSOR_DEFINITIONS = (
					"DEBUG=1",
					"$(inherited)",
				);
				GCC_WARN_64_TO_32_BIT_CONVERSION = YES;
				GCC_WARN_ABOUT_RETURN_TYPE = YES_ERROR;
				GCC_WARN_UNDECLARED_SELECTOR = YES;
				GCC_WARN_UNINITIALIZED_AUTOS = YES_AGGRESSIVE;
				GCC_WARN_UNUSED_FUNCTION = YES;
				GCC_WARN_UNUSED_VARIABLE = YES;
				IPHONEOS_DEPLOYMENT_TARGET = 12.4;
				MTL_ENABLE_DEBUG_INFO = INCLUDE_SOURCE;
				MTL_FAST_MATH = YES;
				ONLY_ACTIVE_ARCH = YES;
				SDKROOT = iphoneos;
				SWIFT_ACTIVE_COMPILATION_CONDITIONS = DEBUG;
				SWIFT_OPTIMIZATION_LEVEL = "-Onone";
			};
			name = Debug;
		};
		6D35795423CC402D000D997C /* Release */ = {
			isa = XCBuildConfiguration;
			buildSettings = {
				ALWAYS_SEARCH_USER_PATHS = NO;
				CLANG_ANALYZER_NONNULL = YES;
				CLANG_ANALYZER_NUMBER_OBJECT_CONVERSION = YES_AGGRESSIVE;
				CLANG_CXX_LANGUAGE_STANDARD = "gnu++14";
				CLANG_CXX_LIBRARY = "libc++";
				CLANG_ENABLE_MODULES = YES;
				CLANG_ENABLE_OBJC_ARC = YES;
				CLANG_ENABLE_OBJC_WEAK = YES;
				CLANG_WARN_BLOCK_CAPTURE_AUTORELEASING = YES;
				CLANG_WARN_BOOL_CONVERSION = YES;
				CLANG_WARN_COMMA = YES;
				CLANG_WARN_CONSTANT_CONVERSION = YES;
				CLANG_WARN_DEPRECATED_OBJC_IMPLEMENTATIONS = YES;
				CLANG_WARN_DIRECT_OBJC_ISA_USAGE = YES_ERROR;
				CLANG_WARN_DOCUMENTATION_COMMENTS = YES;
				CLANG_WARN_EMPTY_BODY = YES;
				CLANG_WARN_ENUM_CONVERSION = YES;
				CLANG_WARN_INFINITE_RECURSION = YES;
				CLANG_WARN_INT_CONVERSION = YES;
				CLANG_WARN_NON_LITERAL_NULL_CONVERSION = YES;
				CLANG_WARN_OBJC_IMPLICIT_RETAIN_SELF = YES;
				CLANG_WARN_OBJC_LITERAL_CONVERSION = YES;
				CLANG_WARN_OBJC_ROOT_CLASS = YES_ERROR;
				CLANG_WARN_RANGE_LOOP_ANALYSIS = YES;
				CLANG_WARN_STRICT_PROTOTYPES = YES;
				CLANG_WARN_SUSPICIOUS_MOVE = YES;
				CLANG_WARN_UNGUARDED_AVAILABILITY = YES_AGGRESSIVE;
				CLANG_WARN_UNREACHABLE_CODE = YES;
				CLANG_WARN__DUPLICATE_METHOD_MATCH = YES;
				CODE_SIGN_IDENTITY = "iPhone Developer";
				COPY_PHASE_STRIP = NO;
				DEBUG_INFORMATION_FORMAT = "dwarf-with-dsym";
				ENABLE_NS_ASSERTIONS = NO;
				ENABLE_STRICT_OBJC_MSGSEND = YES;
				GCC_C_LANGUAGE_STANDARD = gnu11;
				GCC_NO_COMMON_BLOCKS = YES;
				GCC_WARN_64_TO_32_BIT_CONVERSION = YES;
				GCC_WARN_ABOUT_RETURN_TYPE = YES_ERROR;
				GCC_WARN_UNDECLARED_SELECTOR = YES;
				GCC_WARN_UNINITIALIZED_AUTOS = YES_AGGRESSIVE;
				GCC_WARN_UNUSED_FUNCTION = YES;
				GCC_WARN_UNUSED_VARIABLE = YES;
				IPHONEOS_DEPLOYMENT_TARGET = 12.4;
				MTL_ENABLE_DEBUG_INFO = NO;
				MTL_FAST_MATH = YES;
				SDKROOT = iphoneos;
				SWIFT_COMPILATION_MODE = wholemodule;
				SWIFT_OPTIMIZATION_LEVEL = "-O";
				VALIDATE_PRODUCT = YES;
			};
			name = Release;
		};
		6D35795623CC402D000D997C /* Debug */ = {
			isa = XCBuildConfiguration;
			baseConfigurationReference = 84CE6DBA2A73859861879715 /* Pods-MovieStore.debug.xcconfig */;
			buildSettings = {
				ASSETCATALOG_COMPILER_APPICON_NAME = AppIcon;
				CODE_SIGN_STYLE = Automatic;
				DEVELOPMENT_TEAM = 3ZFC2Q957M;
				INFOPLIST_FILE = MovieStore/Info.plist;
				LD_RUNPATH_SEARCH_PATHS = (
					"$(inherited)",
					"@executable_path/Frameworks",
				);
				PRODUCT_BUNDLE_IDENTIFIER = DefineLab.MovieStore;
				PRODUCT_NAME = "$(TARGET_NAME)";
				SWIFT_VERSION = 5.0;
				TARGETED_DEVICE_FAMILY = "1,2";
			};
			name = Debug;
		};
		6D35795723CC402D000D997C /* Release */ = {
			isa = XCBuildConfiguration;
			baseConfigurationReference = 25643ED5834379486E95F309 /* Pods-MovieStore.release.xcconfig */;
			buildSettings = {
				ASSETCATALOG_COMPILER_APPICON_NAME = AppIcon;
				CODE_SIGN_STYLE = Automatic;
				DEVELOPMENT_TEAM = 3ZFC2Q957M;
				INFOPLIST_FILE = MovieStore/Info.plist;
				LD_RUNPATH_SEARCH_PATHS = (
					"$(inherited)",
					"@executable_path/Frameworks",
				);
				PRODUCT_BUNDLE_IDENTIFIER = DefineLab.MovieStore;
				PRODUCT_NAME = "$(TARGET_NAME)";
				SWIFT_VERSION = 5.0;
				TARGETED_DEVICE_FAMILY = "1,2";
			};
			name = Release;
		};
/* End XCBuildConfiguration section */

/* Begin XCConfigurationList section */
		6D35793B23CC402B000D997C /* Build configuration list for PBXProject "MovieStore" */ = {
			isa = XCConfigurationList;
			buildConfigurations = (
				6D35795323CC402D000D997C /* Debug */,
				6D35795423CC402D000D997C /* Release */,
			);
			defaultConfigurationIsVisible = 0;
			defaultConfigurationName = Release;
		};
		6D35795523CC402D000D997C /* Build configuration list for PBXNativeTarget "MovieStore" */ = {
			isa = XCConfigurationList;
			buildConfigurations = (
				6D35795623CC402D000D997C /* Debug */,
				6D35795723CC402D000D997C /* Release */,
			);
			defaultConfigurationIsVisible = 0;
			defaultConfigurationName = Release;
		};
/* End XCConfigurationList section */

/* Begin XCVersionGroup section */
		6D35794A23CC402B000D997C /* MovieStore.xcdatamodeld */ = {
			isa = XCVersionGroup;
			children = (
				6D35794B23CC402B000D997C /* MovieStore.xcdatamodel */,
			);
			currentVersion = 6D35794B23CC402B000D997C /* MovieStore.xcdatamodel */;
			path = MovieStore.xcdatamodeld;
			sourceTree = "<group>";
			versionGroupType = wrapper.xcdatamodel;
		};
/* End XCVersionGroup section */
	};
	rootObject = 6D35793823CC402B000D997C /* Project object */;
}
